
Microsoft Visual Studio Solution File, Format Version 12.00
# Visual Studio 15
VisualStudioVersion = 15.0.28307.102
MinimumVisualStudioVersion = 10.0.40219.1
Project("{8BC9CEB8-8B4A-11D0-8D11-00A0C91BC942}") = "Practica1_UGR", "Practica1_UGR\Practica1_UGR.vcxproj", "{042D677E-8964-4997-B3F9-9A949FFBD021}"
EndProject
Global
	GlobalSection(SolutionConfigurationPlatforms) = preSolution
		Debug|x64 = Debug|x64
		Debug|x86 = Debug|x86
		Release|x64 = Release|x64
		Release|x86 = Release|x86
	EndGlobalSection
	GlobalSection(ProjectConfigurationPlatforms) = postSolution
		{042D677E-8964-4997-B3F9-9A949FFBD021}.Debug|x64.ActiveCfg = Debug|x64
		{042D677E-8964-4997-B3F9-9A949FFBD021}.Debug|x64.Build.0 = Debug|x64
		{042D677E-8964-4997-B3F9-9A949FFBD021}.Debug|x86.ActiveCfg = Debug|Win32
		{042D677E-8964-4997-B3F9-9A949FFBD021}.Debug|x86.Build.0 = Debug|Win32
		{042D677E-8964-4997-B3F9-9A949FFBD021}.Release|x64.ActiveCfg = Release|x64
		{042D677E-8964-4997-B3F9-9A949FFBD021}.Release|x64.Build.0 = Release|x64
		{042D677E-8964-4997-B3F9-9A949FFBD021}.Release|x86.ActiveCfg = Release|Win32
		{042D677E-8964-4997-B3F9-9A949FFBD021}.Release|x86.Build.0 = Release|Win32
	EndGlobalSection
	GlobalSection(SolutionProperties) = preSolution
		HideSolutionNode = FALSE
	EndGlobalSection
	GlobalSection(ExtensibilityGlobals) = postSolution
		SolutionGuid = {2B7D9E64-627C-432D-82E8-91AB912DFAB9}
	EndGlobalSection
EndGlobal
